// !$*UTF8*$!
{
	archiveVersion = 1;
	classes = {
	};
	objectVersion = 48;
	objects = {

/* Begin PBXBuildFile section */
		F6D4EE6C208A48DA00859C2C /* AppDelegate.swift in Sources */ = {isa = PBXBuildFile; fileRef = F6D4EE6B208A48DA00859C2C /* AppDelegate.swift */; };
		F6D4EE6E208A48DA00859C2C /* HomeViewController.swift in Sources */ = {isa = PBXBuildFile; fileRef = F6D4EE6D208A48DA00859C2C /* HomeViewController.swift */; };
		F6D4EE73208A48DA00859C2C /* Assets.xcassets in Resources */ = {isa = PBXBuildFile; fileRef = F6D4EE72208A48DA00859C2C /* Assets.xcassets */; };
		F6D4EE76208A48DA00859C2C /* LaunchScreen.storyboard in Resources */ = {isa = PBXBuildFile; fileRef = F6D4EE74208A48DA00859C2C /* LaunchScreen.storyboard */; };
		F6D4EE81208A4A4E00859C2C /* Storyboards.swift in Sources */ = {isa = PBXBuildFile; fileRef = F6D4EE80208A4A4E00859C2C /* Storyboards.swift */; };
		F6D4EE84208A4B6300859C2C /* Home.xib in Resources */ = {isa = PBXBuildFile; fileRef = F6D4EE83208A4B6300859C2C /* Home.xib */; };
/* End PBXBuildFile section */

/* Begin PBXFileReference section */
		F6D4EE68208A48DA00859C2C /* 300.app */ = {isa = PBXFileReference; explicitFileType = wrapper.application; includeInIndex = 0; path = 300.app; sourceTree = BUILT_PRODUCTS_DIR; };
		F6D4EE6B208A48DA00859C2C /* AppDelegate.swift */ = {isa = PBXFileReference; lastKnownFileType = sourcecode.swift; path = AppDelegate.swift; sourceTree = "<group>"; };
		F6D4EE6D208A48DA00859C2C /* HomeViewController.swift */ = {isa = PBXFileReference; lastKnownFileType = sourcecode.swift; path = HomeViewController.swift; sourceTree = "<group>"; };
		F6D4EE72208A48DA00859C2C /* Assets.xcassets */ = {isa = PBXFileReference; lastKnownFileType = folder.assetcatalog; path = Assets.xcassets; sourceTree = "<group>"; };
		F6D4EE75208A48DA00859C2C /* Base */ = {isa = PBXFileReference; lastKnownFileType = file.storyboard; name = Base; path = Base.lproj/LaunchScreen.storyboard; sourceTree = "<group>"; };
		F6D4EE77208A48DA00859C2C /* Info.plist */ = {isa = PBXFileReference; lastKnownFileType = text.plist.xml; path = Info.plist; sourceTree = "<group>"; };
		F6D4EE80208A4A4E00859C2C /* Storyboards.swift */ = {isa = PBXFileReference; lastKnownFileType = sourcecode.swift; path = Storyboards.swift; sourceTree = "<group>"; };
		F6D4EE83208A4B6300859C2C /* Home.xib */ = {isa = PBXFileReference; lastKnownFileType = file.xib; path = Home.xib; sourceTree = "<group>"; };
/* End PBXFileReference section */

/* Begin PBXFrameworksBuildPhase section */
		F6D4EE65208A48DA00859C2C /* Frameworks */ = {
			isa = PBXFrameworksBuildPhase;
			buildActionMask = 2147483647;
			files = (
			);
			runOnlyForDeploymentPostprocessing = 0;
		};
/* End PBXFrameworksBuildPhase section */

/* Begin PBXGroup section */
		F6D4EE5F208A48DA00859C2C = {
			isa = PBXGroup;
			children = (
				F6D4EE6A208A48DA00859C2C /* 300 */,
				F6D4EE69208A48DA00859C2C /* Products */,
			);
			sourceTree = "<group>";
		};
		F6D4EE69208A48DA00859C2C /* Products */ = {
			isa = PBXGroup;
			children = (
				F6D4EE68208A48DA00859C2C /* 300.app */,
			);
			name = Products;
			sourceTree = "<group>";
		};
		F6D4EE6A208A48DA00859C2C /* 300 */ = {
			isa = PBXGroup;
			children = (
				F6D4EE7F208A48FB00859C2C /* View Controllers */,
				F6D4EE7E208A48F100859C2C /* Models */,
				F6D4EE7D208A48E800859C2C /* Helpers */,
				F6D4EE6B208A48DA00859C2C /* AppDelegate.swift */,
				F6D4EE72208A48DA00859C2C /* Assets.xcassets */,
				F6D4EE74208A48DA00859C2C /* LaunchScreen.storyboard */,
				F6D4EE77208A48DA00859C2C /* Info.plist */,
			);
			path = 300;
			sourceTree = "<group>";
		};
		F6D4EE7D208A48E800859C2C /* Helpers */ = {
			isa = PBXGroup;
			children = (
				F6D4EE80208A4A4E00859C2C /* Storyboards.swift */,
			);
			path = Helpers;
			sourceTree = "<group>";
		};
		F6D4EE7E208A48F100859C2C /* Models */ = {
			isa = PBXGroup;
			children = (
			);
			path = Models;
			sourceTree = "<group>";
		};
		F6D4EE7F208A48FB00859C2C /* View Controllers */ = {
			isa = PBXGroup;
			children = (
				F6D4EE82208A4B4B00859C2C /* Home */,
			);
			path = "View Controllers";
			sourceTree = "<group>";
		};
		F6D4EE82208A4B4B00859C2C /* Home */ = {
			isa = PBXGroup;
			children = (
				F6D4EE6D208A48DA00859C2C /* HomeViewController.swift */,
				F6D4EE83208A4B6300859C2C /* Home.xib */,
			);
			path = Home;
			sourceTree = "<group>";
		};
/* End PBXGroup section */

/* Begin PBXNativeTarget section */
		F6D4EE67208A48DA00859C2C /* 300 */ = {
			isa = PBXNativeTarget;
			buildConfigurationList = F6D4EE7A208A48DA00859C2C /* Build configuration list for PBXNativeTarget "300" */;
			buildPhases = (
				F6D4EE64208A48DA00859C2C /* Sources */,
				F6D4EE65208A48DA00859C2C /* Frameworks */,
				F6D4EE66208A48DA00859C2C /* Resources */,
			);
			buildRules = (
			);
			dependencies = (
			);
			name = 300;
			productName = 300;
			productReference = F6D4EE68208A48DA00859C2C /* 300.app */;
			productType = "com.apple.product-type.application";
		};
/* End PBXNativeTarget section */

/* Begin PBXProject section */
		F6D4EE60208A48DA00859C2C /* Project object */ = {
			isa = PBXProject;
			attributes = {
				LastSwiftUpdateCheck = 0920;
				LastUpgradeCheck = 0920;
				ORGANIZATIONNAME = "Lane Faison";
				TargetAttributes = {
					F6D4EE67208A48DA00859C2C = {
						CreatedOnToolsVersion = 9.2;
						ProvisioningStyle = Automatic;
					};
				};
			};
			buildConfigurationList = F6D4EE63208A48DA00859C2C /* Build configuration list for PBXProject "300" */;
			compatibilityVersion = "Xcode 8.0";
			developmentRegion = en;
			hasScannedForEncodings = 0;
			knownRegions = (
				en,
				Base,
			);
			mainGroup = F6D4EE5F208A48DA00859C2C;
			productRefGroup = F6D4EE69208A48DA00859C2C /* Products */;
			projectDirPath = "";
			projectRoot = "";
			targets = (
				F6D4EE67208A48DA00859C2C /* 300 */,
			);
		};
/* End PBXProject section */

/* Begin PBXResourcesBuildPhase section */
		F6D4EE66208A48DA00859C2C /* Resources */ = {
			isa = PBXResourcesBuildPhase;
			buildActionMask = 2147483647;
			files = (
				F6D4EE76208A48DA00859C2C /* LaunchScreen.storyboard in Resources */,
				F6D4EE84208A4B6300859C2C /* Home.xib in Resources */,
				F6D4EE73208A48DA00859C2C /* Assets.xcassets in Resources */,
			);
			runOnlyForDeploymentPostprocessing = 0;
		};
/* End PBXResourcesBuildPhase section */

/* Begin PBXSourcesBuildPhase section */
		F6D4EE64208A48DA00859C2C /* Sources */ = {
			isa = PBXSourcesBuildPhase;
			buildActionMask = 2147483647;
			files = (
				F6D4EE81208A4A4E00859C2C /* Storyboards.swift in Sources */,
				F6D4EE6E208A48DA00859C2C /* HomeViewController.swift in Sources */,
				F6D4EE6C208A48DA00859C2C /* AppDelegate.swift in Sources */,
			);
			runOnlyForDeploymentPostprocessing = 0;
		};
/* End PBXSourcesBuildPhase section */

/* Begin PBXVariantGroup section */
		F6D4EE74208A48DA00859C2C /* LaunchScreen.storyboard */ = {
			isa = PBXVariantGroup;
			children = (
				F6D4EE75208A48DA00859C2C /* Base */,
			);
			name = LaunchScreen.storyboard;
			sourceTree = "<group>";
		};
/* End PBXVariantGroup section */

/* Begin XCBuildConfiguration section */
		F6D4EE78208A48DA00859C2C /* Debug */ = {
			isa = XCBuildConfiguration;
			buildSettings = {
				ALWAYS_SEARCH_USER_PATHS = NO;
				CLANG_ANALYZER_NONNULL = YES;
				CLANG_ANALYZER_NUMBER_OBJECT_CONVERSION = YES_AGGRESSIVE;
				CLANG_CXX_LANGUAGE_STANDARD = "gnu++14";
				CLANG_CXX_LIBRARY = "libc++";
				CLANG_ENABLE_MODULES = YES;
				CLANG_ENABLE_OBJC_ARC = YES;
				CLANG_WARN_BLOCK_CAPTURE_AUTORELEASING = YES;
				CLANG_WARN_BOOL_CONVERSION = YES;
				CLANG_WARN_COMMA = YES;
				CLANG_WARN_CONSTANT_CONVERSION = YES;
				CLANG_WARN_DIRECT_OBJC_ISA_USAGE = YES_ERROR;
				CLANG_WARN_DOCUMENTATION_COMMENTS = YES;
				CLANG_WARN_EMPTY_BODY = YES;
				CLANG_WARN_ENUM_CONVERSION = YES;
				CLANG_WARN_INFINITE_RECURSION = YES;
				CLANG_WARN_INT_CONVERSION = YES;
				CLANG_WARN_NON_LITERAL_NULL_CONVERSION = YES;
				CLANG_WARN_OBJC_LITERAL_CONVERSION = YES;
				CLANG_WARN_OBJC_ROOT_CLASS = YES_ERROR;
				CLANG_WARN_RANGE_LOOP_ANALYSIS = YES;
				CLANG_WARN_STRICT_PROTOTYPES = YES;
				CLANG_WARN_SUSPICIOUS_MOVE = YES;
				CLANG_WARN_UNGUARDED_AVAILABILITY = YES_AGGRESSIVE;
				CLANG_WARN_UNREACHABLE_CODE = YES;
				CLANG_WARN__DUPLICATE_METHOD_MATCH = YES;
				CODE_SIGN_IDENTITY = "iPhone Developer";
				COPY_PHASE_STRIP = NO;
				DEBUG_INFORMATION_FORMAT = dwarf;
				ENABLE_STRICT_OBJC_MSGSEND = YES;
				ENABLE_TESTABILITY = YES;
				GCC_C_LANGUAGE_STANDARD = gnu11;
				GCC_DYNAMIC_NO_PIC = NO;
				GCC_NO_COMMON_BLOCKS = YES;
				GCC_OPTIMIZATION_LEVEL = 0;
				GCC_PREPROCESSOR_DEFINITIONS = (
					"DEBUG=1",
					"$(inherited)",
				);
				GCC_WARN_64_TO_32_BIT_CONVERSION = YES;
				GCC_WARN_ABOUT_RETURN_TYPE = YES_ERROR;
				GCC_WARN_UNDECLARED_SELECTOR = YES;
				GCC_WARN_UNINITIALIZED_AUTOS = YES_AGGRESSIVE;
				GCC_WARN_UNUSED_FUNCTION = YES;
				GCC_WARN_UNUSED_VARIABLE = YES;
				IPHONEOS_DEPLOYMENT_TARGET = 11.2;
				MTL_ENABLE_DEBUG_INFO = YES;
				ONLY_ACTIVE_ARCH = YES;
				SDKROOT = iphoneos;
				SWIFT_ACTIVE_COMPILATION_CONDITIONS = DEBUG;
				SWIFT_OPTIMIZATION_LEVEL = "-Onone";
			};
			name = Debug;
		};
		F6D4EE79208A48DA00859C2C /* Release */ = {
			isa = XCBuildConfiguration;
			buildSettings = {
				ALWAYS_SEARCH_USER_PATHS = NO;
				CLANG_ANALYZER_NONNULL = YES;
				CLANG_ANALYZER_NUMBER_OBJECT_CONVERSION = YES_AGGRESSIVE;
				CLANG_CXX_LANGUAGE_STANDARD = "gnu++14";
				CLANG_CXX_LIBRARY = "libc++";
				CLANG_ENABLE_MODULES = YES;
				CLANG_ENABLE_OBJC_ARC = YES;
				CLANG_WARN_BLOCK_CAPTURE_AUTORELEASING = YES;
				CLANG_WARN_BOOL_CONVERSION = YES;
				CLANG_WARN_COMMA = YES;
				CLANG_WARN_CONSTANT_CONVERSION = YES;
				CLANG_WARN_DIRECT_OBJC_ISA_USAGE = YES_ERROR;
				CLANG_WARN_DOCUMENTATION_COMMENTS = YES;
				CLANG_WARN_EMPTY_BODY = YES;
				CLANG_WARN_ENUM_CONVERSION = YES;
				CLANG_WARN_INFINITE_RECURSION = YES;
				CLANG_WARN_INT_CONVERSION = YES;
				CLANG_WARN_NON_LITERAL_NULL_CONVERSION = YES;
				CLANG_WARN_OBJC_LITERAL_CONVERSION = YES;
				CLANG_WARN_OBJC_ROOT_CLASS = YES_ERROR;
				CLANG_WARN_RANGE_LOOP_ANALYSIS = YES;
				CLANG_WARN_STRICT_PROTOTYPES = YES;
				CLANG_WARN_SUSPICIOUS_MOVE = YES;
				CLANG_WARN_UNGUARDED_AVAILABILITY = YES_AGGRESSIVE;
				CLANG_WARN_UNREACHABLE_CODE = YES;
				CLANG_WARN__DUPLICATE_METHOD_MATCH = YES;
				CODE_SIGN_IDENTITY = "iPhone Developer";
				COPY_PHASE_STRIP = NO;
				DEBUG_INFORMATION_FORMAT = "dwarf-with-dsym";
				ENABLE_NS_ASSERTIONS = NO;
				ENABLE_STRICT_OBJC_MSGSEND = YES;
				GCC_C_LANGUAGE_STANDARD = gnu11;
				GCC_NO_COMMON_BLOCKS = YES;
				GCC_WARN_64_TO_32_BIT_CONVERSION = YES;
				GCC_WARN_ABOUT_RETURN_TYPE = YES_ERROR;
				GCC_WARN_UNDECLARED_SELECTOR = YES;
				GCC_WARN_UNINITIALIZED_AUTOS = YES_AGGRESSIVE;
				GCC_WARN_UNUSED_FUNCTION = YES;
				GCC_WARN_UNUSED_VARIABLE = YES;
				IPHONEOS_DEPLOYMENT_TARGET = 11.2;
				MTL_ENABLE_DEBUG_INFO = NO;
				SDKROOT = iphoneos;
				SWIFT_OPTIMIZATION_LEVEL = "-Owholemodule";
				VALIDATE_PRODUCT = YES;
			};
			name = Release;
		};
		F6D4EE7B208A48DA00859C2C /* Debug */ = {
			isa = XCBuildConfiguration;
			buildSettings = {
				ASSETCATALOG_COMPILER_APPICON_NAME = AppIcon;
				CODE_SIGN_STYLE = Automatic;
				DEVELOPMENT_TEAM = 34KC4VR7Y2;
				INFOPLIST_FILE = 300/Info.plist;
				LD_RUNPATH_SEARCH_PATHS = "$(inherited) @executable_path/Frameworks";
				PRODUCT_BUNDLE_IDENTIFIER = "com.lanefaison.-00";
				PRODUCT_NAME = "$(TARGET_NAME)";
				SWIFT_VERSION = 4.0;
				TARGETED_DEVICE_FAMILY = "1,2";
			};
			name = Debug;
		};
		F6D4EE7C208A48DA00859C2C /* Release */ = {
			isa = XCBuildConfiguration;
			buildSettings = {
				ASSETCATALOG_COMPILER_APPICON_NAME = AppIcon;
				CODE_SIGN_STYLE = Automatic;
				DEVELOPMENT_TEAM = 34KC4VR7Y2;
				INFOPLIST_FILE = 300/Info.plist;
				LD_RUNPATH_SEARCH_PATHS = "$(inherited) @executable_path/Frameworks";
				PRODUCT_BUNDLE_IDENTIFIER = "com.lanefaison.-00";
				PRODUCT_NAME = "$(TARGET_NAME)";
				SWIFT_VERSION = 4.0;
				TARGETED_DEVICE_FAMILY = "1,2";
			};
			name = Release;
		};
/* End XCBuildConfiguration section */

/* Begin XCConfigurationList section */
		F6D4EE63208A48DA00859C2C /* Build configuration list for PBXProject "300" */ = {
			isa = XCConfigurationList;
			buildConfigurations = (
				F6D4EE78208A48DA00859C2C /* Debug */,
				F6D4EE79208A48DA00859C2C /* Release */,
			);
			defaultConfigurationIsVisible = 0;
			defaultConfigurationName = Release;
		};
		F6D4EE7A208A48DA00859C2C /* Build configuration list for PBXNativeTarget "300" */ = {
			isa = XCConfigurationList;
			buildConfigurations = (
				F6D4EE7B208A48DA00859C2C /* Debug */,
				F6D4EE7C208A48DA00859C2C /* Release */,
			);
			defaultConfigurationIsVisible = 0;
			defaultConfigurationName = Release;
		};
/* End XCConfigurationList section */
	};
	rootObject = F6D4EE60208A48DA00859C2C /* Project object */;
}
